
Microsoft Visual Studio Solution File, Format Version 12.00
# Visual Studio Version 17
VisualStudioVersion = 17.11.35222.181
MinimumVisualStudioVersion = 10.0.40219.1
Project("{FAE04EC0-301F-11D3-BF4B-00C04F79EFBC}") = "AstroValleyAssistant", "AstroValleyAssistant.csproj", "{F48E1427-6F00-47FC-80FE-ABEC48600E1B}"
EndProject
Project("{2150E333-8FDC-42A3-9474-1A3956D46DE8}") = "Solution Items", "Solution Items", "{04B0C259-5BEE-4D27-AF2E-888B3F0DBA56}"
	ProjectSection(SolutionItems) = preProject
		.gitignore = .gitignore
	EndProjectSection
EndProject
Global
	GlobalSection(SolutionConfigurationPlatforms) = preSolution
		Debug|Any CPU = Debug|Any CPU
		Release|Any CPU = Release|Any CPU
	EndGlobalSection
	GlobalSection(ProjectConfigurationPlatforms) = postSolution
		{F48E1427-6F00-47FC-80FE-ABEC48600E1B}.Debug|Any CPU.ActiveCfg = Debug|Any CPU
		{F48E1427-6F00-47FC-80FE-ABEC48600E1B}.Debug|Any CPU.Build.0 = Debug|Any CPU
		{F48E1427-6F00-47FC-80FE-ABEC48600E1B}.Release|Any CPU.ActiveCfg = Release|Any CPU
		{F48E1427-6F00-47FC-80FE-ABEC48600E1B}.Release|Any CPU.Build.0 = Release|Any CPU
	EndGlobalSection
	GlobalSection(SolutionProperties) = preSolution
		HideSolutionNode = FALSE
	EndGlobalSection
	GlobalSection(ExtensibilityGlobals) = postSolution
		SolutionGuid = {E02B7E38-5621-4808-964F-CFB63BC67185}
	EndGlobalSection
EndGlobal
